Microsoft Visual Studio Solution File, Format Version 12.00
# Visual Studio Version 17
VisualStudioVersion = 17.0.31903.59
MinimumVisualStudioVersion = 10.0.40219.1
Project("{2150E333-8FDC-42A3-9474-1A3956D46DE8}") = "src", "src", "{09A0A5BD-AFE5-50DE-BBB3-9EBC72D3D6B3}"
EndProject
Project("{2150E333-8FDC-42A3-9474-1A3956D46DE8}") = "Extensions", "src\Extensions", "{1A97661C-1AA1-57BE-99AA-81C3E7FDCCC1}"
EndProject
Project("{FAE04EC0-301F-11D3-BF4B-00C04F79EFBC}") = "Silk.NET.EGL", "src\Silk.NET.EGL\Silk.NET.EGL.csproj", "{44B360EF-6DD4-5871-8630-91BD1BB2AD1A}"
EndProject
Project("{FAE04EC0-301F-11D3-BF4B-00C04F79EFBC}") = "Silk.NET.EGL.Extensions.ANDROID", "src\Extensions\Silk.NET.EGL.Extensions.ANDROID\Silk.NET.EGL.Extensions.ANDROID.csproj", "{A08036F0-B5D7-5542-92BE-D97C6EF518DF}"
EndProject
Project("{FAE04EC0-301F-11D3-BF4B-00C04F79EFBC}") = "Silk.NET.EGL.Extensions.ANGLE", "src\Extensions\Silk.NET.EGL.Extensions.ANGLE\Silk.NET.EGL.Extensions.ANGLE.csproj", "{7E4E0FEB-7AE5-522C-91DF-E7852EE4761D}"
EndProject
Project("{FAE04EC0-301F-11D3-BF4B-00C04F79EFBC}") = "Silk.NET.EGL.Extensions.ARM", "src\Extensions\Silk.NET.EGL.Extensions.ARM\Silk.NET.EGL.Extensions.ARM.csproj", "{6103A8CF-9F7A-56D7-B637-A7FCCD12567B}"
EndProject
Project("{FAE04EC0-301F-11D3-BF4B-00C04F79EFBC}") = "Silk.NET.EGL.Extensions.EXT", "src\Extensions\Silk.NET.EGL.Extensions.EXT\Silk.NET.EGL.Extensions.EXT.csproj", "{E2EA6E92-B81A-5B4B-B4AD-1EB2B3A05F91}"
EndProject
Project("{FAE04EC0-301F-11D3-BF4B-00C04F79EFBC}") = "Silk.NET.EGL.Extensions.HI", "src\Extensions\Silk.NET.EGL.Extensions.HI\Silk.NET.EGL.Extensions.HI.csproj", "{A5173692-5C07-55F9-96F0-424A820FD12E}"
EndProject
Project("{FAE04EC0-301F-11D3-BF4B-00C04F79EFBC}") = "Silk.NET.EGL.Extensions.IMG", "src\Extensions\Silk.NET.EGL.Extensions.IMG\Silk.NET.EGL.Extensions.IMG.csproj", "{365DB7F0-3A61-5334-BB39-1820B400ECC3}"
EndProject
Project("{FAE04EC0-301F-11D3-BF4B-00C04F79EFBC}") = "Silk.NET.EGL.Extensions.KHR", "src\Extensions\Silk.NET.EGL.Extensions.KHR\Silk.NET.EGL.Extensions.KHR.csproj", "{6E0EBE49-1B50-5763-B51D-80A23E045434}"
EndProject
Project("{FAE04EC0-301F-11D3-BF4B-00C04F79EFBC}") = "Silk.NET.EGL.Extensions.MESA", "src\Extensions\Silk.NET.EGL.Extensions.MESA\Silk.NET.EGL.Extensions.MESA.csproj", "{E1101917-28F8-55D4-8E8C-26D9F0F7E58A}"
EndProject
Project("{FAE04EC0-301F-11D3-BF4B-00C04F79EFBC}") = "Silk.NET.EGL.Extensions.NOK", "src\Extensions\Silk.NET.EGL.Extensions.NOK\Silk.NET.EGL.Extensions.NOK.csproj", "{E4A39A23-C92B-5B52-8B23-AD7D613453F1}"
EndProject
Project("{FAE04EC0-301F-11D3-BF4B-00C04F79EFBC}") = "Silk.NET.EGL.Extensions.NV", "src\Extensions\Silk.NET.EGL.Extensions.NV\Silk.NET.EGL.Extensions.NV.csproj", "{B56DFF40-43B0-57AB-BF4D-51716115F143}"
EndProject
Project("{FAE04EC0-301F-11D3-BF4B-00C04F79EFBC}") = "Silk.NET.EGL.Extensions.QNX", "src\Extensions\Silk.NET.EGL.Extensions.QNX\Silk.NET.EGL.Extensions.QNX.csproj", "{F8169AB1-2EB3-5512-B07B-0F50967A060C}"
EndProject
Project("{FAE04EC0-301F-11D3-BF4B-00C04F79EFBC}") = "Silk.NET.EGL.Extensions.TIZEN", "src\Extensions\Silk.NET.EGL.Extensions.TIZEN\Silk.NET.EGL.Extensions.TIZEN.csproj", "{01CC0608-3882-5809-8E45-EBAE18B3F58B}"
EndProject
Project("{FAE04EC0-301F-11D3-BF4B-00C04F79EFBC}") = "Silk.NET.EGL.Extensions.WL", "src\Extensions\Silk.NET.EGL.Extensions.WL\Silk.NET.EGL.Extensions.WL.csproj", "{105D7BBE-8BD1-5172-973D-519A17BE45B3}"
EndProject
Global
	GlobalSection(SolutionConfigurationPlatforms) = preSolution
		Debug|Any CPU = Debug|Any CPU
		Release|Any CPU = Release|Any CPU
	EndGlobalSection
	GlobalSection(ProjectConfigurationPlatforms) = postSolution
		{44B360EF-6DD4-5871-8630-91BD1BB2AD1A}.Debug|Any CPU.ActiveCfg = Debug|Any CPU
		{44B360EF-6DD4-5871-8630-91BD1BB2AD1A}.Debug|Any CPU.Build.0 = Debug|Any CPU
		{44B360EF-6DD4-5871-8630-91BD1BB2AD1A}.Release|Any CPU.ActiveCfg = Release|Any CPU
		{44B360EF-6DD4-5871-8630-91BD1BB2AD1A}.Release|Any CPU.Build.0 = Release|Any CPU
		{A08036F0-B5D7-5542-92BE-D97C6EF518DF}.Debug|Any CPU.ActiveCfg = Debug|Any CPU
		{A08036F0-B5D7-5542-92BE-D97C6EF518DF}.Debug|Any CPU.Build.0 = Debug|Any CPU
		{A08036F0-B5D7-5542-92BE-D97C6EF518DF}.Release|Any CPU.ActiveCfg = Release|Any CPU
		{A08036F0-B5D7-5542-92BE-D97C6EF518DF}.Release|Any CPU.Build.0 = Release|Any CPU
		{7E4E0FEB-7AE5-522C-91DF-E7852EE4761D}.Debug|Any CPU.ActiveCfg = Debug|Any CPU
		{7E4E0FEB-7AE5-522C-91DF-E7852EE4761D}.Debug|Any CPU.Build.0 = Debug|Any CPU
		{7E4E0FEB-7AE5-522C-91DF-E7852EE4761D}.Release|Any CPU.ActiveCfg = Release|Any CPU
		{7E4E0FEB-7AE5-522C-91DF-E7852EE4761D}.Release|Any CPU.Build.0 = Release|Any CPU
		{6103A8CF-9F7A-56D7-B637-A7FCCD12567B}.Debug|Any CPU.ActiveCfg = Debug|Any CPU
		{6103A8CF-9F7A-56D7-B637-A7FCCD12567B}.Debug|Any CPU.Build.0 = Debug|Any CPU
		{6103A8CF-9F7A-56D7-B637-A7FCCD12567B}.Release|Any CPU.ActiveCfg = Release|Any CPU
		{6103A8CF-9F7A-56D7-B637-A7FCCD12567B}.Release|Any CPU.Build.0 = Release|Any CPU
		{E2EA6E92-B81A-5B4B-B4AD-1EB2B3A05F91}.Debug|Any CPU.ActiveCfg = Debug|Any CPU
		{E2EA6E92-B81A-5B4B-B4AD-1EB2B3A05F91}.Debug|Any CPU.Build.0 = Debug|Any CPU
		{E2EA6E92-B81A-5B4B-B4AD-1EB2B3A05F91}.Release|Any CPU.ActiveCfg = Release|Any CPU
		{E2EA6E92-B81A-5B4B-B4AD-1EB2B3A05F91}.Release|Any CPU.Build.0 = Release|Any CPU
		{A5173692-5C07-55F9-96F0-424A820FD12E}.Debug|Any CPU.ActiveCfg = Debug|Any CPU
		{A5173692-5C07-55F9-96F0-424A820FD12E}.Debug|Any CPU.Build.0 = Debug|Any CPU
		{A5173692-5C07-55F9-96F0-424A820FD12E}.Release|Any CPU.ActiveCfg = Release|Any CPU
		{A5173692-5C07-55F9-96F0-424A820FD12E}.Release|Any CPU.Build.0 = Release|Any CPU
		{365DB7F0-3A61-5334-BB39-1820B400ECC3}.Debug|Any CPU.ActiveCfg = Debug|Any CPU
		{365DB7F0-3A61-5334-BB39-1820B400ECC3}.Debug|Any CPU.Build.0 = Debug|Any CPU
		{365DB7F0-3A61-5334-BB39-1820B400ECC3}.Release|Any CPU.ActiveCfg = Release|Any CPU
		{365DB7F0-3A61-5334-BB39-1820B400ECC3}.Release|Any CPU.Build.0 = Release|Any CPU
		{6E0EBE49-1B50-5763-B51D-80A23E045434}.Debug|Any CPU.ActiveCfg = Debug|Any CPU
		{6E0EBE49-1B50-5763-B51D-80A23E045434}.Debug|Any CPU.Build.0 = Debug|Any CPU
		{6E0EBE49-1B50-5763-B51D-80A23E045434}.Release|Any CPU.ActiveCfg = Release|Any CPU
		{6E0EBE49-1B50-5763-B51D-80A23E045434}.Release|Any CPU.Build.0 = Release|Any CPU
		{E1101917-28F8-55D4-8E8C-26D9F0F7E58A}.Debug|Any CPU.ActiveCfg = Debug|Any CPU
		{E1101917-28F8-55D4-8E8C-26D9F0F7E58A}.Debug|Any CPU.Build.0 = Debug|Any CPU
		{E1101917-28F8-55D4-8E8C-26D9F0F7E58A}.Release|Any CPU.ActiveCfg = Release|Any CPU
		{E1101917-28F8-55D4-8E8C-26D9F0F7E58A}.Release|Any CPU.Build.0 = Release|Any CPU
		{E4A39A23-C92B-5B52-8B23-AD7D613453F1}.Debug|Any CPU.ActiveCfg = Debug|Any CPU
		{E4A39A23-C92B-5B52-8B23-AD7D613453F1}.Debug|Any CPU.Build.0 = Debug|Any CPU
		{E4A39A23-C92B-5B52-8B23-AD7D613453F1}.Release|Any CPU.ActiveCfg = Release|Any CPU
		{E4A39A23-C92B-5B52-8B23-AD7D613453F1}.Release|Any CPU.Build.0 = Release|Any CPU
		{B56DFF40-43B0-57AB-BF4D-51716115F143}.Debug|Any CPU.ActiveCfg = Debug|Any CPU
		{B56DFF40-43B0-57AB-BF4D-51716115F143}.Debug|Any CPU.Build.0 = Debug|Any CPU
		{B56DFF40-43B0-57AB-BF4D-51716115F143}.Release|Any CPU.ActiveCfg = Release|Any CPU
		{B56DFF40-43B0-57AB-BF4D-51716115F143}.Release|Any CPU.Build.0 = Release|Any CPU
		{F8169AB1-2EB3-5512-B07B-0F50967A060C}.Debug|Any CPU.ActiveCfg = Debug|Any CPU
		{F8169AB1-2EB3-5512-B07B-0F50967A060C}.Debug|Any CPU.Build.0 = Debug|Any CPU
		{F8169AB1-2EB3-5512-B07B-0F50967A060C}.Release|Any CPU.ActiveCfg = Release|Any CPU
		{F8169AB1-2EB3-5512-B07B-0F50967A060C}.Release|Any CPU.Build.0 = Release|Any CPU
		{01CC0608-3882-5809-8E45-EBAE18B3F58B}.Debug|Any CPU.ActiveCfg = Debug|Any CPU
		{01CC0608-3882-5809-8E45-EBAE18B3F58B}.Debug|Any CPU.Build.0 = Debug|Any CPU
		{01CC0608-3882-5809-8E45-EBAE18B3F58B}.Release|Any CPU.ActiveCfg = Release|Any CPU
		{01CC0608-3882-5809-8E45-EBAE18B3F58B}.Release|Any CPU.Build.0 = Release|Any CPU
		{105D7BBE-8BD1-5172-973D-519A17BE45B3}.Debug|Any CPU.ActiveCfg = Debug|Any CPU
		{105D7BBE-8BD1-5172-973D-519A17BE45B3}.Debug|Any CPU.Build.0 = Debug|Any CPU
		{105D7BBE-8BD1-5172-973D-519A17BE45B3}.Release|Any CPU.ActiveCfg = Release|Any CPU
		{105D7BBE-8BD1-5172-973D-519A17BE45B3}.Release|Any CPU.Build.0 = Release|Any CPU
	EndGlobalSection
	GlobalSection(SolutionProperties) = preSolution
		HideSolutionNode = FALSE
	EndGlobalSection
	GlobalSection(NestedProjects) = preSolution
		{44B360EF-6DD4-5871-8630-91BD1BB2AD1A} = {09A0A5BD-AFE5-50DE-BBB3-9EBC72D3D6B3}
		{A08036F0-B5D7-5542-92BE-D97C6EF518DF} = {1A97661C-1AA1-57BE-99AA-81C3E7FDCCC1}
		{7E4E0FEB-7AE5-522C-91DF-E7852EE4761D} = {1A97661C-1AA1-57BE-99AA-81C3E7FDCCC1}
		{6103A8CF-9F7A-56D7-B637-A7FCCD12567B} = {1A97661C-1AA1-57BE-99AA-81C3E7FDCCC1}
		{E2EA6E92-B81A-5B4B-B4AD-1EB2B3A05F91} = {1A97661C-1AA1-57BE-99AA-81C3E7FDCCC1}
		{A5173692-5C07-55F9-96F0-424A820FD12E} = {1A97661C-1AA1-57BE-99AA-81C3E7FDCCC1}
		{365DB7F0-3A61-5334-BB39-1820B400ECC3} = {1A97661C-1AA1-57BE-99AA-81C3E7FDCCC1}
		{6E0EBE49-1B50-5763-B51D-80A23E045434} = {1A97661C-1AA1-57BE-99AA-81C3E7FDCCC1}
		{E1101917-28F8-55D4-8E8C-26D9F0F7E58A} = {1A97661C-1AA1-57BE-99AA-81C3E7FDCCC1}
		{E4A39A23-C92B-5B52-8B23-AD7D613453F1} = {1A97661C-1AA1-57BE-99AA-81C3E7FDCCC1}
		{B56DFF40-43B0-57AB-BF4D-51716115F143} = {1A97661C-1AA1-57BE-99AA-81C3E7FDCCC1}
		{F8169AB1-2EB3-5512-B07B-0F50967A060C} = {1A97661C-1AA1-57BE-99AA-81C3E7FDCCC1}
		{01CC0608-3882-5809-8E45-EBAE18B3F58B} = {1A97661C-1AA1-57BE-99AA-81C3E7FDCCC1}
		{105D7BBE-8BD1-5172-973D-519A17BE45B3} = {1A97661C-1AA1-57BE-99AA-81C3E7FDCCC1}
		{1A97661C-1AA1-57BE-99AA-81C3E7FDCCC1} = {09A0A5BD-AFE5-50DE-BBB3-9EBC72D3D6B3}
	EndGlobalSection
EndGlobal
